
Microsoft Visual Studio Solution File, Format Version 12.00
# Visual Studio Version 16
VisualStudioVersion = 16.0.29905.134
MinimumVisualStudioVersion = 10.0.40219.1
Project("{FAE04EC0-301F-11D3-BF4B-00C04F79EFBC}") = "OOSWinSimpleShell", "OOSWinSimpleShell\OOSWinSimpleShell.csproj", "{DC5A284A-4F1F-4E74-961A-C7C071D3889F}"
EndProject
Global
	GlobalSection(SolutionConfigurationPlatforms) = preSolution
		Debug|Any CPU = Debug|Any CPU
		Release|Any CPU = Release|Any CPU
	EndGlobalSection
	GlobalSection(ProjectConfigurationPlatforms) = postSolution
		{DC5A284A-4F1F-4E74-961A-C7C071D3889F}.Debug|Any CPU.ActiveCfg = Debug|Any CPU
		{DC5A284A-4F1F-4E74-961A-C7C071D3889F}.Debug|Any CPU.Build.0 = Debug|Any CPU
		{DC5A284A-4F1F-4E74-961A-C7C071D3889F}.Release|Any CPU.ActiveCfg = Release|Any CPU
		{DC5A284A-4F1F-4E74-961A-C7C071D3889F}.Release|Any CPU.Build.0 = Release|Any CPU
	EndGlobalSection
	GlobalSection(SolutionProperties) = preSolution
		HideSolutionNode = FALSE
	EndGlobalSection
	GlobalSection(ExtensibilityGlobals) = postSolution
		SolutionGuid = {C20EEE63-D2EA-4D1E-AFB8-02974FF60656}
	EndGlobalSection
EndGlobal
